
Microsoft Visual Studio Solution File, Format Version 12.00
# Visual Studio Version 17
VisualStudioVersion = 17.8.34330.188
MinimumVisualStudioVersion = 10.0.40219.1
Project("{9A19103F-16F7-4668-BE54-9A1E7A4F7556}") = "VShop.ProductAPI", "VShop.ProductAPI\VShop.ProductAPI.csproj", "{85722937-6E62-4C7F-825A-A18E213CAD5D}"
EndProject
Project("{9A19103F-16F7-4668-BE54-9A1E7A4F7556}") = "VShop.Web", "VShop.Web\VShop.Web.csproj", "{B5F05D7D-0755-4916-BD1E-2F3DC1A4A0AA}"
EndProject
Project("{2150E333-8FDC-42A3-9474-1A3956D46DE8}") = "Front", "Front", "{829A40B9-C2A8-4EEE-B85C-81AC9420AF6A}"
EndProject
Project("{2150E333-8FDC-42A3-9474-1A3956D46DE8}") = "Back", "Back", "{CA17AF93-85AE-4311-A53B-1370A12CD1F7}"
EndProject
Project("{9A19103F-16F7-4668-BE54-9A1E7A4F7556}") = "VShop.IdentityServer", "VShop.IdentityServer\VShop.IdentityServer.csproj", "{D5CB2B34-6AA4-4E21-8C45-A0294A20AF30}"
EndProject
Project("{FAE04EC0-301F-11D3-BF4B-00C04F79EFBC}") = "VShop.CartAPI", "VShop.CartAPI\VShop.CartAPI.csproj", "{422D284F-09B6-4EBC-9CF1-EBDE575B0917}"
EndProject
Global
	GlobalSection(SolutionConfigurationPlatforms) = preSolution
		Debug|Any CPU = Debug|Any CPU
		Release|Any CPU = Release|Any CPU
	EndGlobalSection
	GlobalSection(ProjectConfigurationPlatforms) = postSolution
		{85722937-6E62-4C7F-825A-A18E213CAD5D}.Debug|Any CPU.ActiveCfg = Debug|Any CPU
		{85722937-6E62-4C7F-825A-A18E213CAD5D}.Debug|Any CPU.Build.0 = Debug|Any CPU
		{85722937-6E62-4C7F-825A-A18E213CAD5D}.Release|Any CPU.ActiveCfg = Release|Any CPU
		{85722937-6E62-4C7F-825A-A18E213CAD5D}.Release|Any CPU.Build.0 = Release|Any CPU
		{B5F05D7D-0755-4916-BD1E-2F3DC1A4A0AA}.Debug|Any CPU.ActiveCfg = Debug|Any CPU
		{B5F05D7D-0755-4916-BD1E-2F3DC1A4A0AA}.Debug|Any CPU.Build.0 = Debug|Any CPU
		{B5F05D7D-0755-4916-BD1E-2F3DC1A4A0AA}.Release|Any CPU.ActiveCfg = Release|Any CPU
		{B5F05D7D-0755-4916-BD1E-2F3DC1A4A0AA}.Release|Any CPU.Build.0 = Release|Any CPU
		{D5CB2B34-6AA4-4E21-8C45-A0294A20AF30}.Debug|Any CPU.ActiveCfg = Debug|Any CPU
		{D5CB2B34-6AA4-4E21-8C45-A0294A20AF30}.Debug|Any CPU.Build.0 = Debug|Any CPU
		{D5CB2B34-6AA4-4E21-8C45-A0294A20AF30}.Release|Any CPU.ActiveCfg = Release|Any CPU
		{D5CB2B34-6AA4-4E21-8C45-A0294A20AF30}.Release|Any CPU.Build.0 = Release|Any CPU
		{422D284F-09B6-4EBC-9CF1-EBDE575B0917}.Debug|Any CPU.ActiveCfg = Debug|Any CPU
		{422D284F-09B6-4EBC-9CF1-EBDE575B0917}.Debug|Any CPU.Build.0 = Debug|Any CPU
		{422D284F-09B6-4EBC-9CF1-EBDE575B0917}.Release|Any CPU.ActiveCfg = Release|Any CPU
		{422D284F-09B6-4EBC-9CF1-EBDE575B0917}.Release|Any CPU.Build.0 = Release|Any CPU
	EndGlobalSection
	GlobalSection(SolutionProperties) = preSolution
		HideSolutionNode = FALSE
	EndGlobalSection
	GlobalSection(NestedProjects) = preSolution
		{85722937-6E62-4C7F-825A-A18E213CAD5D} = {CA17AF93-85AE-4311-A53B-1370A12CD1F7}
		{B5F05D7D-0755-4916-BD1E-2F3DC1A4A0AA} = {829A40B9-C2A8-4EEE-B85C-81AC9420AF6A}
		{D5CB2B34-6AA4-4E21-8C45-A0294A20AF30} = {CA17AF93-85AE-4311-A53B-1370A12CD1F7}
		{422D284F-09B6-4EBC-9CF1-EBDE575B0917} = {CA17AF93-85AE-4311-A53B-1370A12CD1F7}
	EndGlobalSection
	GlobalSection(ExtensibilityGlobals) = postSolution
		SolutionGuid = {BD53EFF1-3A03-4299-9819-6D3D2C1E70A8}
	EndGlobalSection
EndGlobal
